// !$*UTF8*$!
{
	archiveVersion = 1;
	classes = {
	};
	objectVersion = 56;
	objects = {

/* Begin PBXBuildFile section */
		8C64C58E29AB4444002C7CE6 /* ContentView.swift in Sources */ = {isa = PBXBuildFile; fileRef = 8C64C58D29AB4444002C7CE6 /* ContentView.swift */; };
		8C64C59029AB4444002C7CE6 /* Assets.xcassets in Resources */ = {isa = PBXBuildFile; fileRef = 8C64C58F29AB4444002C7CE6 /* Assets.xcassets */; };
		8C64C59429AB4444002C7CE6 /* Preview Assets.xcassets in Resources */ = {isa = PBXBuildFile; fileRef = 8C64C59329AB4444002C7CE6 /* Preview Assets.xcassets */; };
		8C64C5B529AB9082002C7CE6 /* MediaFile.swift in Sources */ = {isa = PBXBuildFile; fileRef = 8C64C5B429AB9082002C7CE6 /* MediaFile.swift */; };
		8C64C5B729AB90AC002C7CE6 /* ShortFormVideoView.swift in Sources */ = {isa = PBXBuildFile; fileRef = 8C64C5B629AB90AC002C7CE6 /* ShortFormVideoView.swift */; };
		8C64C5BA29AE44F6002C7CE6 /* VideoPlayer.swift in Sources */ = {isa = PBXBuildFile; fileRef = 8C64C5B929AE44F6002C7CE6 /* VideoPlayer.swift */; };
		8C64C5BC29AE457A002C7CE6 /* Video.swift in Sources */ = {isa = PBXBuildFile; fileRef = 8C64C5BB29AE457A002C7CE6 /* Video.swift */; };
		8C64C5BE29AE4675002C7CE6 /* CustomPlayer.swift in Sources */ = {isa = PBXBuildFile; fileRef = 8C64C5BD29AE4675002C7CE6 /* CustomPlayer.swift */; };
		8C64C5FB29AE51AC002C7CE6 /* cave.mp4 in Resources */ = {isa = PBXBuildFile; fileRef = 8C64C5F029AE51A7002C7CE6 /* cave.mp4 */; };
		8C64C5FC29AE51AC002C7CE6 /* laser.mp4 in Resources */ = {isa = PBXBuildFile; fileRef = 8C64C5F129AE51A8002C7CE6 /* laser.mp4 */; };
		8C64C5FD29AE51AC002C7CE6 /* firework.mp4 in Resources */ = {isa = PBXBuildFile; fileRef = 8C64C5F229AE51A8002C7CE6 /* firework.mp4 */; };
		8C64C5FE29AE51AC002C7CE6 /* galaxy2.mp4 in Resources */ = {isa = PBXBuildFile; fileRef = 8C64C5F329AE51A8002C7CE6 /* galaxy2.mp4 */; };
		8C64C5FF29AE51AC002C7CE6 /* universe.mp4 in Resources */ = {isa = PBXBuildFile; fileRef = 8C64C5F429AE51A9002C7CE6 /* universe.mp4 */; };
		8C64C60029AE51AC002C7CE6 /* plasma-ball.mp4 in Resources */ = {isa = PBXBuildFile; fileRef = 8C64C5F529AE51A9002C7CE6 /* plasma-ball.mp4 */; };
		8C64C60129AE51AC002C7CE6 /* planets.mp4 in Resources */ = {isa = PBXBuildFile; fileRef = 8C64C5F629AE51A9002C7CE6 /* planets.mp4 */; };
		8C64C60229AE51AC002C7CE6 /* star-field.mp4 in Resources */ = {isa = PBXBuildFile; fileRef = 8C64C5F729AE51AA002C7CE6 /* star-field.mp4 */; };
		8C64C60329AE51AC002C7CE6 /* stars.mp4 in Resources */ = {isa = PBXBuildFile; fileRef = 8C64C5F829AE51AB002C7CE6 /* stars.mp4 */; };
		8C64C60429AE51AC002C7CE6 /* galaxy.mp4 in Resources */ = {isa = PBXBuildFile; fileRef = 8C64C5F929AE51AB002C7CE6 /* galaxy.mp4 */; };
		8C64C60529AE51AC002C7CE6 /* sun.mp4 in Resources */ = {isa = PBXBuildFile; fileRef = 8C64C5FA29AE51AC002C7CE6 /* sun.mp4 */; };
		8C64C60929B23C17002C7CE6 /* CustomBottomSheet.swift in Sources */ = {isa = PBXBuildFile; fileRef = 8C64C60829B23C17002C7CE6 /* CustomBottomSheet.swift */; };
/* End PBXBuildFile section */

/* Begin PBXFileReference section */
		8C64C58829AB4444002C7CE6 /* Short Form Video UI.app */ = {isa = PBXFileReference; explicitFileType = wrapper.application; includeInIndex = 0; path = "Short Form Video UI.app"; sourceTree = BUILT_PRODUCTS_DIR; };
		8C64C58D29AB4444002C7CE6 /* ContentView.swift */ = {isa = PBXFileReference; lastKnownFileType = sourcecode.swift; path = ContentView.swift; sourceTree = "<group>"; };
		8C64C58F29AB4444002C7CE6 /* Assets.xcassets */ = {isa = PBXFileReference; lastKnownFileType = folder.assetcatalog; path = Assets.xcassets; sourceTree = "<group>"; };
		8C64C59129AB4444002C7CE6 /* Short_Form_Video_UI.entitlements */ = {isa = PBXFileReference; lastKnownFileType = text.plist.entitlements; path = Short_Form_Video_UI.entitlements; sourceTree = "<group>"; };
		8C64C59329AB4444002C7CE6 /* Preview Assets.xcassets */ = {isa = PBXFileReference; lastKnownFileType = folder.assetcatalog; path = "Preview Assets.xcassets"; sourceTree = "<group>"; };
		8C64C5B429AB9082002C7CE6 /* MediaFile.swift */ = {isa = PBXFileReference; lastKnownFileType = sourcecode.swift; path = MediaFile.swift; sourceTree = "<group>"; };
		8C64C5B629AB90AC002C7CE6 /* ShortFormVideoView.swift */ = {isa = PBXFileReference; lastKnownFileType = sourcecode.swift; path = ShortFormVideoView.swift; sourceTree = "<group>"; };
		8C64C5B929AE44F6002C7CE6 /* VideoPlayer.swift */ = {isa = PBXFileReference; lastKnownFileType = sourcecode.swift; path = VideoPlayer.swift; sourceTree = "<group>"; };
		8C64C5BB29AE457A002C7CE6 /* Video.swift */ = {isa = PBXFileReference; lastKnownFileType = sourcecode.swift; path = Video.swift; sourceTree = "<group>"; };
		8C64C5BD29AE4675002C7CE6 /* CustomPlayer.swift */ = {isa = PBXFileReference; lastKnownFileType = sourcecode.swift; path = CustomPlayer.swift; sourceTree = "<group>"; };
		8C64C5F029AE51A7002C7CE6 /* cave.mp4 */ = {isa = PBXFileReference; lastKnownFileType = file; path = cave.mp4; sourceTree = "<group>"; };
		8C64C5F129AE51A8002C7CE6 /* laser.mp4 */ = {isa = PBXFileReference; lastKnownFileType = file; path = laser.mp4; sourceTree = "<group>"; };
		8C64C5F229AE51A8002C7CE6 /* firework.mp4 */ = {isa = PBXFileReference; lastKnownFileType = file; path = firework.mp4; sourceTree = "<group>"; };
		8C64C5F329AE51A8002C7CE6 /* galaxy2.mp4 */ = {isa = PBXFileReference; lastKnownFileType = file; path = galaxy2.mp4; sourceTree = "<group>"; };
		8C64C5F429AE51A9002C7CE6 /* universe.mp4 */ = {isa = PBXFileReference; lastKnownFileType = file; path = universe.mp4; sourceTree = "<group>"; };
		8C64C5F529AE51A9002C7CE6 /* plasma-ball.mp4 */ = {isa = PBXFileReference; lastKnownFileType = file; path = "plasma-ball.mp4"; sourceTree = "<group>"; };
		8C64C5F629AE51A9002C7CE6 /* planets.mp4 */ = {isa = PBXFileReference; lastKnownFileType = file; path = planets.mp4; sourceTree = "<group>"; };
		8C64C5F729AE51AA002C7CE6 /* star-field.mp4 */ = {isa = PBXFileReference; lastKnownFileType = file; path = "star-field.mp4"; sourceTree = "<group>"; };
		8C64C5F829AE51AB002C7CE6 /* stars.mp4 */ = {isa = PBXFileReference; lastKnownFileType = file; path = stars.mp4; sourceTree = "<group>"; };
		8C64C5F929AE51AB002C7CE6 /* galaxy.mp4 */ = {isa = PBXFileReference; lastKnownFileType = file; path = galaxy.mp4; sourceTree = "<group>"; };
		8C64C5FA29AE51AC002C7CE6 /* sun.mp4 */ = {isa = PBXFileReference; lastKnownFileType = file; path = sun.mp4; sourceTree = "<group>"; };
		8C64C60829B23C17002C7CE6 /* CustomBottomSheet.swift */ = {isa = PBXFileReference; lastKnownFileType = sourcecode.swift; path = CustomBottomSheet.swift; sourceTree = "<group>"; };
/* End PBXFileReference section */

/* Begin PBXFrameworksBuildPhase section */
		8C64C58529AB4444002C7CE6 /* Frameworks */ = {
			isa = PBXFrameworksBuildPhase;
			buildActionMask = 2147483647;
			files = (
			);
			runOnlyForDeploymentPostprocessing = 0;
		};
/* End PBXFrameworksBuildPhase section */

/* Begin PBXGroup section */
		8C64C57F29AB4444002C7CE6 = {
			isa = PBXGroup;
			children = (
				8C64C58A29AB4444002C7CE6 /* Short Form Video UI */,
				8C64C58929AB4444002C7CE6 /* Products */,
			);
			sourceTree = "<group>";
		};
		8C64C58929AB4444002C7CE6 /* Products */ = {
			isa = PBXGroup;
			children = (
				8C64C58829AB4444002C7CE6 /* Short Form Video UI.app */,
			);
			name = Products;
			sourceTree = "<group>";
		};
		8C64C58A29AB4444002C7CE6 /* Short Form Video UI */ = {
			isa = PBXGroup;
			children = (
				8C64C5B829AB90BC002C7CE6 /* View */,
				8C64C59A29AB8EBC002C7CE6 /* Resources */,
				8C64C58F29AB4444002C7CE6 /* Assets.xcassets */,
				8C64C59129AB4444002C7CE6 /* Short_Form_Video_UI.entitlements */,
				8C64C59229AB4444002C7CE6 /* Preview Content */,
			);
			path = "Short Form Video UI";
			sourceTree = "<group>";
		};
		8C64C59229AB4444002C7CE6 /* Preview Content */ = {
			isa = PBXGroup;
			children = (
				8C64C59329AB4444002C7CE6 /* Preview Assets.xcassets */,
			);
			path = "Preview Content";
			sourceTree = "<group>";
		};
		8C64C59A29AB8EBC002C7CE6 /* Resources */ = {
			isa = PBXGroup;
			children = (
				8C64C5F029AE51A7002C7CE6 /* cave.mp4 */,
				8C64C5F229AE51A8002C7CE6 /* firework.mp4 */,
				8C64C5F929AE51AB002C7CE6 /* galaxy.mp4 */,
				8C64C5F329AE51A8002C7CE6 /* galaxy2.mp4 */,
				8C64C5F129AE51A8002C7CE6 /* laser.mp4 */,
				8C64C5F629AE51A9002C7CE6 /* planets.mp4 */,
				8C64C5F529AE51A9002C7CE6 /* plasma-ball.mp4 */,
				8C64C5F729AE51AA002C7CE6 /* star-field.mp4 */,
				8C64C5F829AE51AB002C7CE6 /* stars.mp4 */,
				8C64C5FA29AE51AC002C7CE6 /* sun.mp4 */,
				8C64C5F429AE51A9002C7CE6 /* universe.mp4 */,
				8C64C5B429AB9082002C7CE6 /* MediaFile.swift */,
				8C64C5BB29AE457A002C7CE6 /* Video.swift */,
			);
			path = Resources;
			sourceTree = "<group>";
		};
		8C64C5B829AB90BC002C7CE6 /* View */ = {
			isa = PBXGroup;
			children = (
				8C64C58D29AB4444002C7CE6 /* ContentView.swift */,
				8C64C5B629AB90AC002C7CE6 /* ShortFormVideoView.swift */,
				8C64C5B929AE44F6002C7CE6 /* VideoPlayer.swift */,
				8C64C5BD29AE4675002C7CE6 /* CustomPlayer.swift */,
				8C64C60829B23C17002C7CE6 /* CustomBottomSheet.swift */,
			);
			path = View;
			sourceTree = "<group>";
		};
/* End PBXGroup section */

/* Begin PBXNativeTarget section */
		8C64C58729AB4444002C7CE6 /* Short Form Video UI */ = {
			isa = PBXNativeTarget;
			buildConfigurationList = 8C64C59729AB4444002C7CE6 /* Build configuration list for PBXNativeTarget "Short Form Video UI" */;
			buildPhases = (
				8C64C58429AB4444002C7CE6 /* Sources */,
				8C64C58529AB4444002C7CE6 /* Frameworks */,
				8C64C58629AB4444002C7CE6 /* Resources */,
			);
			buildRules = (
			);
			dependencies = (
			);
			name = "Short Form Video UI";
			productName = "Short Form Video UI";
			productReference = 8C64C58829AB4444002C7CE6 /* Short Form Video UI.app */;
			productType = "com.apple.product-type.application";
		};
/* End PBXNativeTarget section */

/* Begin PBXProject section */
		8C64C58029AB4444002C7CE6 /* Project object */ = {
			isa = PBXProject;
			attributes = {
				BuildIndependentTargetsInParallel = 1;
				LastSwiftUpdateCheck = 1400;
				LastUpgradeCheck = 1400;
				TargetAttributes = {
					8C64C58729AB4444002C7CE6 = {
						CreatedOnToolsVersion = 14.0.1;
					};
				};
			};
			buildConfigurationList = 8C64C58329AB4444002C7CE6 /* Build configuration list for PBXProject "Short Form Video UI" */;
			compatibilityVersion = "Xcode 14.0";
			developmentRegion = en;
			hasScannedForEncodings = 0;
			knownRegions = (
				en,
				Base,
			);
			mainGroup = 8C64C57F29AB4444002C7CE6;
			productRefGroup = 8C64C58929AB4444002C7CE6 /* Products */;
			projectDirPath = "";
			projectRoot = "";
			targets = (
				8C64C58729AB4444002C7CE6 /* Short Form Video UI */,
			);
		};
/* End PBXProject section */

/* Begin PBXResourcesBuildPhase section */
		8C64C58629AB4444002C7CE6 /* Resources */ = {
			isa = PBXResourcesBuildPhase;
			buildActionMask = 2147483647;
			files = (
				8C64C60229AE51AC002C7CE6 /* star-field.mp4 in Resources */,
				8C64C5FE29AE51AC002C7CE6 /* galaxy2.mp4 in Resources */,
				8C64C59429AB4444002C7CE6 /* Preview Assets.xcassets in Resources */,
				8C64C60429AE51AC002C7CE6 /* galaxy.mp4 in Resources */,
				8C64C60129AE51AC002C7CE6 /* planets.mp4 in Resources */,
				8C64C5FB29AE51AC002C7CE6 /* cave.mp4 in Resources */,
				8C64C60529AE51AC002C7CE6 /* sun.mp4 in Resources */,
				8C64C60329AE51AC002C7CE6 /* stars.mp4 in Resources */,
				8C64C59029AB4444002C7CE6 /* Assets.xcassets in Resources */,
				8C64C60029AE51AC002C7CE6 /* plasma-ball.mp4 in Resources */,
				8C64C5FF29AE51AC002C7CE6 /* universe.mp4 in Resources */,
				8C64C5FD29AE51AC002C7CE6 /* firework.mp4 in Resources */,
				8C64C5FC29AE51AC002C7CE6 /* laser.mp4 in Resources */,
			);
			runOnlyForDeploymentPostprocessing = 0;
		};
/* End PBXResourcesBuildPhase section */

/* Begin PBXSourcesBuildPhase section */
		8C64C58429AB4444002C7CE6 /* Sources */ = {
			isa = PBXSourcesBuildPhase;
			buildActionMask = 2147483647;
			files = (
				8C64C5BA29AE44F6002C7CE6 /* VideoPlayer.swift in Sources */,
				8C64C5B729AB90AC002C7CE6 /* ShortFormVideoView.swift in Sources */,
				8C64C58E29AB4444002C7CE6 /* ContentView.swift in Sources */,
				8C64C5B529AB9082002C7CE6 /* MediaFile.swift in Sources */,
				8C64C5BC29AE457A002C7CE6 /* Video.swift in Sources */,
				8C64C5BE29AE4675002C7CE6 /* CustomPlayer.swift in Sources */,
				8C64C60929B23C17002C7CE6 /* CustomBottomSheet.swift in Sources */,
			);
			runOnlyForDeploymentPostprocessing = 0;
		};
/* End PBXSourcesBuildPhase section */

/* Begin XCBuildConfiguration section */
		8C64C59529AB4444002C7CE6 /* Debug */ = {
			isa = XCBuildConfiguration;
			buildSettings = {
				ALWAYS_SEARCH_USER_PATHS = NO;
				CLANG_ANALYZER_NONNULL = YES;
				CLANG_ANALYZER_NUMBER_OBJECT_CONVERSION = YES_AGGRESSIVE;
				CLANG_CXX_LANGUAGE_STANDARD = "gnu++20";
				CLANG_ENABLE_MODULES = YES;
				CLANG_ENABLE_OBJC_ARC = YES;
				CLANG_ENABLE_OBJC_WEAK = YES;
				CLANG_WARN_BLOCK_CAPTURE_AUTORELEASING = YES;
				CLANG_WARN_BOOL_CONVERSION = YES;
				CLANG_WARN_COMMA = YES;
				CLANG_WARN_CONSTANT_CONVERSION = YES;
				CLANG_WARN_DEPRECATED_OBJC_IMPLEMENTATIONS = YES;
				CLANG_WARN_DIRECT_OBJC_ISA_USAGE = YES_ERROR;
				CLANG_WARN_DOCUMENTATION_COMMENTS = YES;
				CLANG_WARN_EMPTY_BODY = YES;
				CLANG_WARN_ENUM_CONVERSION = YES;
				CLANG_WARN_INFINITE_RECURSION = YES;
				CLANG_WARN_INT_CONVERSION = YES;
				CLANG_WARN_NON_LITERAL_NULL_CONVERSION = YES;
				CLANG_WARN_OBJC_IMPLICIT_RETAIN_SELF = YES;
				CLANG_WARN_OBJC_LITERAL_CONVERSION = YES;
				CLANG_WARN_OBJC_ROOT_CLASS = YES_ERROR;
				CLANG_WARN_QUOTED_INCLUDE_IN_FRAMEWORK_HEADER = YES;
				CLANG_WARN_RANGE_LOOP_ANALYSIS = YES;
				CLANG_WARN_STRICT_PROTOTYPES = YES;
				CLANG_WARN_SUSPICIOUS_MOVE = YES;
				CLANG_WARN_UNGUARDED_AVAILABILITY = YES_AGGRESSIVE;
				CLANG_WARN_UNREACHABLE_CODE = YES;
				CLANG_WARN__DUPLICATE_METHOD_MATCH = YES;
				COPY_PHASE_STRIP = NO;
				DEBUG_INFORMATION_FORMAT = dwarf;
				ENABLE_STRICT_OBJC_MSGSEND = YES;
				ENABLE_TESTABILITY = YES;
				GCC_C_LANGUAGE_STANDARD = gnu11;
				GCC_DYNAMIC_NO_PIC = NO;
				GCC_NO_COMMON_BLOCKS = YES;
				GCC_OPTIMIZATION_LEVEL = 0;
				GCC_PREPROCESSOR_DEFINITIONS = (
					"DEBUG=1",
					"$(inherited)",
				);
				GCC_WARN_64_TO_32_BIT_CONVERSION = YES;
				GCC_WARN_ABOUT_RETURN_TYPE = YES_ERROR;
				GCC_WARN_UNDECLARED_SELECTOR = YES;
				GCC_WARN_UNINITIALIZED_AUTOS = YES_AGGRESSIVE;
				GCC_WARN_UNUSED_FUNCTION = YES;
				GCC_WARN_UNUSED_VARIABLE = YES;
				MTL_ENABLE_DEBUG_INFO = INCLUDE_SOURCE;
				MTL_FAST_MATH = YES;
				ONLY_ACTIVE_ARCH = YES;
				SWIFT_ACTIVE_COMPILATION_CONDITIONS = DEBUG;
				SWIFT_OPTIMIZATION_LEVEL = "-Onone";
			};
			name = Debug;
		};
		8C64C59629AB4444002C7CE6 /* Release */ = {
			isa = XCBuildConfiguration;
			buildSettings = {
				ALWAYS_SEARCH_USER_PATHS = NO;
				CLANG_ANALYZER_NONNULL = YES;
				CLANG_ANALYZER_NUMBER_OBJECT_CONVERSION = YES_AGGRESSIVE;
				CLANG_CXX_LANGUAGE_STANDARD = "gnu++20";
				CLANG_ENABLE_MODULES = YES;
				CLANG_ENABLE_OBJC_ARC = YES;
				CLANG_ENABLE_OBJC_WEAK = YES;
				CLANG_WARN_BLOCK_CAPTURE_AUTORELEASING = YES;
				CLANG_WARN_BOOL_CONVERSION = YES;
				CLANG_WARN_COMMA = YES;
				CLANG_WARN_CONSTANT_CONVERSION = YES;
				CLANG_WARN_DEPRECATED_OBJC_IMPLEMENTATIONS = YES;
				CLANG_WARN_DIRECT_OBJC_ISA_USAGE = YES_ERROR;
				CLANG_WARN_DOCUMENTATION_COMMENTS = YES;
				CLANG_WARN_EMPTY_BODY = YES;
				CLANG_WARN_ENUM_CONVERSION = YES;
				CLANG_WARN_INFINITE_RECURSION = YES;
				CLANG_WARN_INT_CONVERSION = YES;
				CLANG_WARN_NON_LITERAL_NULL_CONVERSION = YES;
				CLANG_WARN_OBJC_IMPLICIT_RETAIN_SELF = YES;
				CLANG_WARN_OBJC_LITERAL_CONVERSION = YES;
				CLANG_WARN_OBJC_ROOT_CLASS = YES_ERROR;
				CLANG_WARN_QUOTED_INCLUDE_IN_FRAMEWORK_HEADER = YES;
				CLANG_WARN_RANGE_LOOP_ANALYSIS = YES;
				CLANG_WARN_STRICT_PROTOTYPES = YES;
				CLANG_WARN_SUSPICIOUS_MOVE = YES;
				CLANG_WARN_UNGUARDED_AVAILABILITY = YES_AGGRESSIVE;
				CLANG_WARN_UNREACHABLE_CODE = YES;
				CLANG_WARN__DUPLICATE_METHOD_MATCH = YES;
				COPY_PHASE_STRIP = NO;
				DEBUG_INFORMATION_FORMAT = "dwarf-with-dsym";
				ENABLE_NS_ASSERTIONS = NO;
				ENABLE_STRICT_OBJC_MSGSEND = YES;
				GCC_C_LANGUAGE_STANDARD = gnu11;
				GCC_NO_COMMON_BLOCKS = YES;
				GCC_WARN_64_TO_32_BIT_CONVERSION = YES;
				GCC_WARN_ABOUT_RETURN_TYPE = YES_ERROR;
				GCC_WARN_UNDECLARED_SELECTOR = YES;
				GCC_WARN_UNINITIALIZED_AUTOS = YES_AGGRESSIVE;
				GCC_WARN_UNUSED_FUNCTION = YES;
				GCC_WARN_UNUSED_VARIABLE = YES;
				MTL_ENABLE_DEBUG_INFO = NO;
				MTL_FAST_MATH = YES;
				SWIFT_COMPILATION_MODE = wholemodule;
				SWIFT_OPTIMIZATION_LEVEL = "-O";
			};
			name = Release;
		};
		8C64C59829AB4444002C7CE6 /* Debug */ = {
			isa = XCBuildConfiguration;
			buildSettings = {
				ASSETCATALOG_COMPILER_APPICON_NAME = AppIcon;
				ASSETCATALOG_COMPILER_GLOBAL_ACCENT_COLOR_NAME = AccentColor;
				CODE_SIGN_ENTITLEMENTS = "Short Form Video UI/Short_Form_Video_UI.entitlements";
				CODE_SIGN_STYLE = Automatic;
				CURRENT_PROJECT_VERSION = 1;
				DEVELOPMENT_ASSET_PATHS = "\"Short Form Video UI/Preview Content\"";
				DEVELOPMENT_TEAM = 69RY8NDZ33;
				ENABLE_HARDENED_RUNTIME = YES;
				ENABLE_PREVIEWS = YES;
				GENERATE_INFOPLIST_FILE = YES;
				"INFOPLIST_KEY_UIApplicationSceneManifest_Generation[sdk=iphoneos*]" = YES;
				"INFOPLIST_KEY_UIApplicationSceneManifest_Generation[sdk=iphonesimulator*]" = YES;
				"INFOPLIST_KEY_UIApplicationSupportsIndirectInputEvents[sdk=iphoneos*]" = YES;
				"INFOPLIST_KEY_UIApplicationSupportsIndirectInputEvents[sdk=iphonesimulator*]" = YES;
				"INFOPLIST_KEY_UILaunchScreen_Generation[sdk=iphoneos*]" = YES;
				"INFOPLIST_KEY_UILaunchScreen_Generation[sdk=iphonesimulator*]" = YES;
				"INFOPLIST_KEY_UIStatusBarStyle[sdk=iphoneos*]" = UIStatusBarStyleDefault;
				"INFOPLIST_KEY_UIStatusBarStyle[sdk=iphonesimulator*]" = UIStatusBarStyleDefault;
				INFOPLIST_KEY_UISupportedInterfaceOrientations_iPad = "UIInterfaceOrientationPortrait UIInterfaceOrientationPortraitUpsideDown UIInterfaceOrientationLandscapeLeft UIInterfaceOrientationLandscapeRight";
				INFOPLIST_KEY_UISupportedInterfaceOrientations_iPhone = "UIInterfaceOrientationPortrait UIInterfaceOrientationLandscapeLeft UIInterfaceOrientationLandscapeRight";
				IPHONEOS_DEPLOYMENT_TARGET = 16.0;
				LD_RUNPATH_SEARCH_PATHS = "@executable_path/Frameworks";
				"LD_RUNPATH_SEARCH_PATHS[sdk=macosx*]" = "@executable_path/../Frameworks";
				MACOSX_DEPLOYMENT_TARGET = 12.3;
				MARKETING_VERSION = 1.0;
				PRODUCT_BUNDLE_IDENTIFIER = "com.parkhj0423.Short-Form-Video-UI";
				PRODUCT_NAME = "$(TARGET_NAME)";
				SDKROOT = auto;
				SUPPORTED_PLATFORMS = "iphoneos iphonesimulator";
				SUPPORTS_MACCATALYST = NO;
				SUPPORTS_MAC_DESIGNED_FOR_IPHONE_IPAD = NO;
				SWIFT_EMIT_LOC_STRINGS = YES;
				SWIFT_VERSION = 5.0;
				TARGETED_DEVICE_FAMILY = 1;
			};
			name = Debug;
		};
		8C64C59929AB4444002C7CE6 /* Release */ = {
			isa = XCBuildConfiguration;
			buildSettings = {
				ASSETCATALOG_COMPILER_APPICON_NAME = AppIcon;
				ASSETCATALOG_COMPILER_GLOBAL_ACCENT_COLOR_NAME = AccentColor;
				CODE_SIGN_ENTITLEMENTS = "Short Form Video UI/Short_Form_Video_UI.entitlements";
				CODE_SIGN_STYLE = Automatic;
				CURRENT_PROJECT_VERSION = 1;
				DEVELOPMENT_ASSET_PATHS = "\"Short Form Video UI/Preview Content\"";
				DEVELOPMENT_TEAM = 69RY8NDZ33;
				ENABLE_HARDENED_RUNTIME = YES;
				ENABLE_PREVIEWS = YES;
				GENERATE_INFOPLIST_FILE = YES;
				"INFOPLIST_KEY_UIApplicationSceneManifest_Generation[sdk=iphoneos*]" = YES;
				"INFOPLIST_KEY_UIApplicationSceneManifest_Generation[sdk=iphonesimulator*]" = YES;
				"INFOPLIST_KEY_UIApplicationSupportsIndirectInputEvents[sdk=iphoneos*]" = YES;
				"INFOPLIST_KEY_UIApplicationSupportsIndirectInputEvents[sdk=iphonesimulator*]" = YES;
				"INFOPLIST_KEY_UILaunchScreen_Generation[sdk=iphoneos*]" = YES;
				"INFOPLIST_KEY_UILaunchScreen_Generation[sdk=iphonesimulator*]" = YES;
				"INFOPLIST_KEY_UIStatusBarStyle[sdk=iphoneos*]" = UIStatusBarStyleDefault;
				"INFOPLIST_KEY_UIStatusBarStyle[sdk=iphonesimulator*]" = UIStatusBarStyleDefault;
				INFOPLIST_KEY_UISupportedInterfaceOrientations_iPad = "UIInterfaceOrientationPortrait UIInterfaceOrientationPortraitUpsideDown UIInterfaceOrientationLandscapeLeft UIInterfaceOrientationLandscapeRight";
				INFOPLIST_KEY_UISupportedInterfaceOrientations_iPhone = "UIInterfaceOrientationPortrait UIInterfaceOrientationLandscapeLeft UIInterfaceOrientationLandscapeRight";
				IPHONEOS_DEPLOYMENT_TARGET = 16.0;
				LD_RUNPATH_SEARCH_PATHS = "@executable_path/Frameworks";
				"LD_RUNPATH_SEARCH_PATHS[sdk=macosx*]" = "@executable_path/../Frameworks";
				MACOSX_DEPLOYMENT_TARGET = 12.3;
				MARKETING_VERSION = 1.0;
				PRODUCT_BUNDLE_IDENTIFIER = "com.parkhj0423.Short-Form-Video-UI";
				PRODUCT_NAME = "$(TARGET_NAME)";
				SDKROOT = auto;
				SUPPORTED_PLATFORMS = "iphoneos iphonesimulator";
				SUPPORTS_MACCATALYST = NO;
				SUPPORTS_MAC_DESIGNED_FOR_IPHONE_IPAD = NO;
				SWIFT_EMIT_LOC_STRINGS = YES;
				SWIFT_VERSION = 5.0;
				TARGETED_DEVICE_FAMILY = 1;
			};
			name = Release;
		};
/* End XCBuildConfiguration section */

/* Begin XCConfigurationList section */
		8C64C58329AB4444002C7CE6 /* Build configuration list for PBXProject "Short Form Video UI" */ = {
			isa = XCConfigurationList;
			buildConfigurations = (
				8C64C59529AB4444002C7CE6 /* Debug */,
				8C64C59629AB4444002C7CE6 /* Release */,
			);
			defaultConfigurationIsVisible = 0;
			defaultConfigurationName = Release;
		};
		8C64C59729AB4444002C7CE6 /* Build configuration list for PBXNativeTarget "Short Form Video UI" */ = {
			isa = XCConfigurationList;
			buildConfigurations = (
				8C64C59829AB4444002C7CE6 /* Debug */,
				8C64C59929AB4444002C7CE6 /* Release */,
			);
			defaultConfigurationIsVisible = 0;
			defaultConfigurationName = Release;
		};
/* End XCConfigurationList section */
	};
	rootObject = 8C64C58029AB4444002C7CE6 /* Project object */;
}
